
Microsoft Visual Studio Solution File, Format Version 12.00
# Visual Studio 15
VisualStudioVersion = 15.0.28307.1169
MinimumVisualStudioVersion = 10.0.40219.1
Project("{9A19103F-16F7-4668-BE54-9A1E7A4F7556}") = "BDCUC", "BDCUC.csproj", "{A3BF6224-5BCF-46C9-947F-0BF1DBE2A127}"
EndProject
Global
	GlobalSection(SolutionConfigurationPlatforms) = preSolution
		Debug|Any CPU = Debug|Any CPU
		Release|Any CPU = Release|Any CPU
	EndGlobalSection
	GlobalSection(ProjectConfigurationPlatforms) = postSolution
		{A3BF6224-5BCF-46C9-947F-0BF1DBE2A127}.Debug|Any CPU.ActiveCfg = Debug|Any CPU
		{A3BF6224-5BCF-46C9-947F-0BF1DBE2A127}.Debug|Any CPU.Build.0 = Debug|Any CPU
		{A3BF6224-5BCF-46C9-947F-0BF1DBE2A127}.Release|Any CPU.ActiveCfg = Release|Any CPU
		{A3BF6224-5BCF-46C9-947F-0BF1DBE2A127}.Release|Any CPU.Build.0 = Release|Any CPU
	EndGlobalSection
	GlobalSection(SolutionProperties) = preSolution
		HideSolutionNode = FALSE
	EndGlobalSection
	GlobalSection(ExtensibilityGlobals) = postSolution
		SolutionGuid = {E1E306AD-567D-4909-B103-6F4B7AA9A2E8}
	EndGlobalSection
EndGlobal
